// !$*UTF8*$!
{
	archiveVersion = 1;
	classes = {
	};
	objectVersion = 46;
	objects = {

/* Begin PBXBuildFile section */
		10ACB6B21E4E2C7000688929 /* AppDelegate.swift in Sources */ = {isa = PBXBuildFile; fileRef = 10ACB6B11E4E2C7000688929 /* AppDelegate.swift */; };
		10ACB6B41E4E2C7000688929 /* ViewController.swift in Sources */ = {isa = PBXBuildFile; fileRef = 10ACB6B31E4E2C7000688929 /* ViewController.swift */; };
		10ACB6B71E4E2C7000688929 /* Main.storyboard in Resources */ = {isa = PBXBuildFile; fileRef = 10ACB6B51E4E2C7000688929 /* Main.storyboard */; };
		10ACB6B91E4E2C7000688929 /* Assets.xcassets in Resources */ = {isa = PBXBuildFile; fileRef = 10ACB6B81E4E2C7000688929 /* Assets.xcassets */; };
		10ACB6BC1E4E2C7000688929 /* LaunchScreen.storyboard in Resources */ = {isa = PBXBuildFile; fileRef = 10ACB6BA1E4E2C7000688929 /* LaunchScreen.storyboard */; };
		10ACB6C71E4E2C7100688929 /* _RA_EVA_7_MOREACTIONSTests.swift in Sources */ = {isa = PBXBuildFile; fileRef = 10ACB6C61E4E2C7100688929 /* _RA_EVA_7_MOREACTIONSTests.swift */; };
		10ACB6D21E4E2C7100688929 /* _RA_EVA_7_MOREACTIONSUITests.swift in Sources */ = {isa = PBXBuildFile; fileRef = 10ACB6D11E4E2C7100688929 /* _RA_EVA_7_MOREACTIONSUITests.swift */; };
/* End PBXBuildFile section */

/* Begin PBXContainerItemProxy section */
		10ACB6C31E4E2C7100688929 /* PBXContainerItemProxy */ = {
			isa = PBXContainerItemProxy;
			containerPortal = 10ACB6A61E4E2C7000688929 /* Project object */;
			proxyType = 1;
			remoteGlobalIDString = 10ACB6AD1E4E2C7000688929;
			remoteInfo = 1RA_EVA_7_MOREACTIONS;
		};
		10ACB6CE1E4E2C7100688929 /* PBXContainerItemProxy */ = {
			isa = PBXContainerItemProxy;
			containerPortal = 10ACB6A61E4E2C7000688929 /* Project object */;
			proxyType = 1;
			remoteGlobalIDString = 10ACB6AD1E4E2C7000688929;
			remoteInfo = 1RA_EVA_7_MOREACTIONS;
		};
/* End PBXContainerItemProxy section */

/* Begin PBXFileReference section */
		10ACB6AE1E4E2C7000688929 /* 1RA_EVA_7_MOREACTIONS.app */ = {isa = PBXFileReference; explicitFileType = wrapper.application; includeInIndex = 0; path = 1RA_EVA_7_MOREACTIONS.app; sourceTree = BUILT_PRODUCTS_DIR; };
		10ACB6B11E4E2C7000688929 /* AppDelegate.swift */ = {isa = PBXFileReference; lastKnownFileType = sourcecode.swift; path = AppDelegate.swift; sourceTree = "<group>"; };
		10ACB6B31E4E2C7000688929 /* ViewController.swift */ = {isa = PBXFileReference; lastKnownFileType = sourcecode.swift; path = ViewController.swift; sourceTree = "<group>"; };
		10ACB6B61E4E2C7000688929 /* Base */ = {isa = PBXFileReference; lastKnownFileType = file.storyboard; name = Base; path = Base.lproj/Main.storyboard; sourceTree = "<group>"; };
		10ACB6B81E4E2C7000688929 /* Assets.xcassets */ = {isa = PBXFileReference; lastKnownFileType = folder.assetcatalog; path = Assets.xcassets; sourceTree = "<group>"; };
		10ACB6BB1E4E2C7000688929 /* Base */ = {isa = PBXFileReference; lastKnownFileType = file.storyboard; name = Base; path = Base.lproj/LaunchScreen.storyboard; sourceTree = "<group>"; };
		10ACB6BD1E4E2C7000688929 /* Info.plist */ = {isa = PBXFileReference; lastKnownFileType = text.plist.xml; path = Info.plist; sourceTree = "<group>"; };
		10ACB6C21E4E2C7100688929 /* 1RA_EVA_7_MOREACTIONSTests.xctest */ = {isa = PBXFileReference; explicitFileType = wrapper.cfbundle; includeInIndex = 0; path = 1RA_EVA_7_MOREACTIONSTests.xctest; sourceTree = BUILT_PRODUCTS_DIR; };
		10ACB6C61E4E2C7100688929 /* _RA_EVA_7_MOREACTIONSTests.swift */ = {isa = PBXFileReference; lastKnownFileType = sourcecode.swift; path = _RA_EVA_7_MOREACTIONSTests.swift; sourceTree = "<group>"; };
		10ACB6C81E4E2C7100688929 /* Info.plist */ = {isa = PBXFileReference; lastKnownFileType = text.plist.xml; path = Info.plist; sourceTree = "<group>"; };
		10ACB6CD1E4E2C7100688929 /* 1RA_EVA_7_MOREACTIONSUITests.xctest */ = {isa = PBXFileReference; explicitFileType = wrapper.cfbundle; includeInIndex = 0; path = 1RA_EVA_7_MOREACTIONSUITests.xctest; sourceTree = BUILT_PRODUCTS_DIR; };
		10ACB6D11E4E2C7100688929 /* _RA_EVA_7_MOREACTIONSUITests.swift */ = {isa = PBXFileReference; lastKnownFileType = sourcecode.swift; path = _RA_EVA_7_MOREACTIONSUITests.swift; sourceTree = "<group>"; };
		10ACB6D31E4E2C7100688929 /* Info.plist */ = {isa = PBXFileReference; lastKnownFileType = text.plist.xml; path = Info.plist; sourceTree = "<group>"; };
/* End PBXFileReference section */

/* Begin PBXFrameworksBuildPhase section */
		10ACB6AB1E4E2C7000688929 /* Frameworks */ = {
			isa = PBXFrameworksBuildPhase;
			buildActionMask = 2147483647;
			files = (
			);
			runOnlyForDeploymentPostprocessing = 0;
		};
		10ACB6BF1E4E2C7100688929 /* Frameworks */ = {
			isa = PBXFrameworksBuildPhase;
			buildActionMask = 2147483647;
			files = (
			);
			runOnlyForDeploymentPostprocessing = 0;
		};
		10ACB6CA1E4E2C7100688929 /* Frameworks */ = {
			isa = PBXFrameworksBuildPhase;
			buildActionMask = 2147483647;
			files = (
			);
			runOnlyForDeploymentPostprocessing = 0;
		};
/* End PBXFrameworksBuildPhase section */

/* Begin PBXGroup section */
		10ACB6A51E4E2C7000688929 = {
			isa = PBXGroup;
			children = (
				10ACB6B01E4E2C7000688929 /* 1RA_EVA_7_MOREACTIONS */,
				10ACB6C51E4E2C7100688929 /* 1RA_EVA_7_MOREACTIONSTests */,
				10ACB6D01E4E2C7100688929 /* 1RA_EVA_7_MOREACTIONSUITests */,
				10ACB6AF1E4E2C7000688929 /* Products */,
			);
			sourceTree = "<group>";
		};
		10ACB6AF1E4E2C7000688929 /* Products */ = {
			isa = PBXGroup;
			children = (
				10ACB6AE1E4E2C7000688929 /* 1RA_EVA_7_MOREACTIONS.app */,
				10ACB6C21E4E2C7100688929 /* 1RA_EVA_7_MOREACTIONSTests.xctest */,
				10ACB6CD1E4E2C7100688929 /* 1RA_EVA_7_MOREACTIONSUITests.xctest */,
			);
			name = Products;
			sourceTree = "<group>";
		};
		10ACB6B01E4E2C7000688929 /* 1RA_EVA_7_MOREACTIONS */ = {
			isa = PBXGroup;
			children = (
				10ACB6B11E4E2C7000688929 /* AppDelegate.swift */,
				10ACB6B31E4E2C7000688929 /* ViewController.swift */,
				10ACB6B51E4E2C7000688929 /* Main.storyboard */,
				10ACB6B81E4E2C7000688929 /* Assets.xcassets */,
				10ACB6BA1E4E2C7000688929 /* LaunchScreen.storyboard */,
				10ACB6BD1E4E2C7000688929 /* Info.plist */,
			);
			path = 1RA_EVA_7_MOREACTIONS;
			sourceTree = "<group>";
		};
		10ACB6C51E4E2C7100688929 /* 1RA_EVA_7_MOREACTIONSTests */ = {
			isa = PBXGroup;
			children = (
				10ACB6C61E4E2C7100688929 /* _RA_EVA_7_MOREACTIONSTests.swift */,
				10ACB6C81E4E2C7100688929 /* Info.plist */,
			);
			path = 1RA_EVA_7_MOREACTIONSTests;
			sourceTree = "<group>";
		};
		10ACB6D01E4E2C7100688929 /* 1RA_EVA_7_MOREACTIONSUITests */ = {
			isa = PBXGroup;
			children = (
				10ACB6D11E4E2C7100688929 /* _RA_EVA_7_MOREACTIONSUITests.swift */,
				10ACB6D31E4E2C7100688929 /* Info.plist */,
			);
			path = 1RA_EVA_7_MOREACTIONSUITests;
			sourceTree = "<group>";
		};
/* End PBXGroup section */

/* Begin PBXNativeTarget section */
		10ACB6AD1E4E2C7000688929 /* 1RA_EVA_7_MOREACTIONS */ = {
			isa = PBXNativeTarget;
			buildConfigurationList = 10ACB6D61E4E2C7100688929 /* Build configuration list for PBXNativeTarget "1RA_EVA_7_MOREACTIONS" */;
			buildPhases = (
				10ACB6AA1E4E2C7000688929 /* Sources */,
				10ACB6AB1E4E2C7000688929 /* Frameworks */,
				10ACB6AC1E4E2C7000688929 /* Resources */,
			);
			buildRules = (
			);
			dependencies = (
			);
			name = 1RA_EVA_7_MOREACTIONS;
			productName = 1RA_EVA_7_MOREACTIONS;
			productReference = 10ACB6AE1E4E2C7000688929 /* 1RA_EVA_7_MOREACTIONS.app */;
			productType = "com.apple.product-type.application";
		};
		10ACB6C11E4E2C7100688929 /* 1RA_EVA_7_MOREACTIONSTests */ = {
			isa = PBXNativeTarget;
			buildConfigurationList = 10ACB6D91E4E2C7100688929 /* Build configuration list for PBXNativeTarget "1RA_EVA_7_MOREACTIONSTests" */;
			buildPhases = (
				10ACB6BE1E4E2C7100688929 /* Sources */,
				10ACB6BF1E4E2C7100688929 /* Frameworks */,
				10ACB6C01E4E2C7100688929 /* Resources */,
			);
			buildRules = (
			);
			dependencies = (
				10ACB6C41E4E2C7100688929 /* PBXTargetDependency */,
			);
			name = 1RA_EVA_7_MOREACTIONSTests;
			productName = 1RA_EVA_7_MOREACTIONSTests;
			productReference = 10ACB6C21E4E2C7100688929 /* 1RA_EVA_7_MOREACTIONSTests.xctest */;
			productType = "com.apple.product-type.bundle.unit-test";
		};
		10ACB6CC1E4E2C7100688929 /* 1RA_EVA_7_MOREACTIONSUITests */ = {
			isa = PBXNativeTarget;
			buildConfigurationList = 10ACB6DC1E4E2C7100688929 /* Build configuration list for PBXNativeTarget "1RA_EVA_7_MOREACTIONSUITests" */;
			buildPhases = (
				10ACB6C91E4E2C7100688929 /* Sources */,
				10ACB6CA1E4E2C7100688929 /* Frameworks */,
				10ACB6CB1E4E2C7100688929 /* Resources */,
			);
			buildRules = (
			);
			dependencies = (
				10ACB6CF1E4E2C7100688929 /* PBXTargetDependency */,
			);
			name = 1RA_EVA_7_MOREACTIONSUITests;
			productName = 1RA_EVA_7_MOREACTIONSUITests;
			productReference = 10ACB6CD1E4E2C7100688929 /* 1RA_EVA_7_MOREACTIONSUITests.xctest */;
			productType = "com.apple.product-type.bundle.ui-testing";
		};
/* End PBXNativeTarget section */

/* Begin PBXProject section */
		10ACB6A61E4E2C7000688929 /* Project object */ = {
			isa = PBXProject;
			attributes = {
				LastSwiftUpdateCheck = 0730;
				LastUpgradeCheck = 0730;
				TargetAttributes = {
					10ACB6AD1E4E2C7000688929 = {
						CreatedOnToolsVersion = 7.3.1;
					};
					10ACB6C11E4E2C7100688929 = {
						CreatedOnToolsVersion = 7.3.1;
						TestTargetID = 10ACB6AD1E4E2C7000688929;
					};
					10ACB6CC1E4E2C7100688929 = {
						CreatedOnToolsVersion = 7.3.1;
						TestTargetID = 10ACB6AD1E4E2C7000688929;
					};
				};
			};
			buildConfigurationList = 10ACB6A91E4E2C7000688929 /* Build configuration list for PBXProject "1RA_EVA_7_MOREACTIONS" */;
			compatibilityVersion = "Xcode 3.2";
			developmentRegion = English;
			hasScannedForEncodings = 0;
			knownRegions = (
				en,
				Base,
			);
			mainGroup = 10ACB6A51E4E2C7000688929;
			productRefGroup = 10ACB6AF1E4E2C7000688929 /* Products */;
			projectDirPath = "";
			projectRoot = "";
			targets = (
				10ACB6AD1E4E2C7000688929 /* 1RA_EVA_7_MOREACTIONS */,
				10ACB6C11E4E2C7100688929 /* 1RA_EVA_7_MOREACTIONSTests */,
				10ACB6CC1E4E2C7100688929 /* 1RA_EVA_7_MOREACTIONSUITests */,
			);
		};
/* End PBXProject section */

/* Begin PBXResourcesBuildPhase section */
		10ACB6AC1E4E2C7000688929 /* Resources */ = {
			isa = PBXResourcesBuildPhase;
			buildActionMask = 2147483647;
			files = (
				10ACB6BC1E4E2C7000688929 /* LaunchScreen.storyboard in Resources */,
				10ACB6B91E4E2C7000688929 /* Assets.xcassets in Resources */,
				10ACB6B71E4E2C7000688929 /* Main.storyboard in Resources */,
			);
			runOnlyForDeploymentPostprocessing = 0;
		};
		10ACB6C01E4E2C7100688929 /* Resources */ = {
			isa = PBXResourcesBuildPhase;
			buildActionMask = 2147483647;
			files = (
			);
			runOnlyForDeploymentPostprocessing = 0;
		};
		10ACB6CB1E4E2C7100688929 /* Resources */ = {
			isa = PBXResourcesBuildPhase;
			buildActionMask = 2147483647;
			files = (
			);
			runOnlyForDeploymentPostprocessing = 0;
		};
/* End PBXResourcesBuildPhase section */

/* Begin PBXSourcesBuildPhase section */
		10ACB6AA1E4E2C7000688929 /* Sources */ = {
			isa = PBXSourcesBuildPhase;
			buildActionMask = 2147483647;
			files = (
				10ACB6B41E4E2C7000688929 /* ViewController.swift in Sources */,
				10ACB6B21E4E2C7000688929 /* AppDelegate.swift in Sources */,
			);
			runOnlyForDeploymentPostprocessing = 0;
		};
		10ACB6BE1E4E2C7100688929 /* Sources */ = {
			isa = PBXSourcesBuildPhase;
			buildActionMask = 2147483647;
			files = (
				10ACB6C71E4E2C7100688929 /* _RA_EVA_7_MOREACTIONSTests.swift in Sources */,
			);
			runOnlyForDeploymentPostprocessing = 0;
		};
		10ACB6C91E4E2C7100688929 /* Sources */ = {
			isa = PBXSourcesBuildPhase;
			buildActionMask = 2147483647;
			files = (
				10ACB6D21E4E2C7100688929 /* _RA_EVA_7_MOREACTIONSUITests.swift in Sources */,
			);
			runOnlyForDeploymentPostprocessing = 0;
		};
/* End PBXSourcesBuildPhase section */

/* Begin PBXTargetDependency section */
		10ACB6C41E4E2C7100688929 /* PBXTargetDependency */ = {
			isa = PBXTargetDependency;
			target = 10ACB6AD1E4E2C7000688929 /* 1RA_EVA_7_MOREACTIONS */;
			targetProxy = 10ACB6C31E4E2C7100688929 /* PBXContainerItemProxy */;
		};
		10ACB6CF1E4E2C7100688929 /* PBXTargetDependency */ = {
			isa = PBXTargetDependency;
			target = 10ACB6AD1E4E2C7000688929 /* 1RA_EVA_7_MOREACTIONS */;
			targetProxy = 10ACB6CE1E4E2C7100688929 /* PBXContainerItemProxy */;
		};
/* End PBXTargetDependency section */

/* Begin PBXVariantGroup section */
		10ACB6B51E4E2C7000688929 /* Main.storyboard */ = {
			isa = PBXVariantGroup;
			children = (
				10ACB6B61E4E2C7000688929 /* Base */,
			);
			name = Main.storyboard;
			sourceTree = "<group>";
		};
		10ACB6BA1E4E2C7000688929 /* LaunchScreen.storyboard */ = {
			isa = PBXVariantGroup;
			children = (
				10ACB6BB1E4E2C7000688929 /* Base */,
			);
			name = LaunchScreen.storyboard;
			sourceTree = "<group>";
		};
/* End PBXVariantGroup section */

/* Begin XCBuildConfiguration section */
		10ACB6D41E4E2C7100688929 /* Debug */ = {
			isa = XCBuildConfiguration;
			buildSettings = {
				ALWAYS_SEARCH_USER_PATHS = NO;
				CLANG_ANALYZER_NONNULL = YES;
				CLANG_CXX_LANGUAGE_STANDARD = "gnu++0x";
				CLANG_CXX_LIBRARY = "libc++";
				CLANG_ENABLE_MODULES = YES;
				CLANG_ENABLE_OBJC_ARC = YES;
				CLANG_WARN_BOOL_CONVERSION = YES;
				CLANG_WARN_CONSTANT_CONVERSION = YES;
				CLANG_WARN_DIRECT_OBJC_ISA_USAGE = YES_ERROR;
				CLANG_WARN_EMPTY_BODY = YES;
				CLANG_WARN_ENUM_CONVERSION = YES;
				CLANG_WARN_INT_CONVERSION = YES;
				CLANG_WARN_OBJC_ROOT_CLASS = YES_ERROR;
				CLANG_WARN_UNREACHABLE_CODE = YES;
				CLANG_WARN__DUPLICATE_METHOD_MATCH = YES;
				"CODE_SIGN_IDENTITY[sdk=iphoneos*]" = "iPhone Developer";
				COPY_PHASE_STRIP = NO;
				DEBUG_INFORMATION_FORMAT = dwarf;
				ENABLE_STRICT_OBJC_MSGSEND = YES;
				ENABLE_TESTABILITY = YES;
				GCC_C_LANGUAGE_STANDARD = gnu99;
				GCC_DYNAMIC_NO_PIC = NO;
				GCC_NO_COMMON_BLOCKS = YES;
				GCC_OPTIMIZATION_LEVEL = 0;
				GCC_PREPROCESSOR_DEFINITIONS = (
					"DEBUG=1",
					"$(inherited)",
				);
				GCC_WARN_64_TO_32_BIT_CONVERSION = YES;
				GCC_WARN_ABOUT_RETURN_TYPE = YES_ERROR;
				GCC_WARN_UNDECLARED_SELECTOR = YES;
				GCC_WARN_UNINITIALIZED_AUTOS = YES_AGGRESSIVE;
				GCC_WARN_UNUSED_FUNCTION = YES;
				GCC_WARN_UNUSED_VARIABLE = YES;
				IPHONEOS_DEPLOYMENT_TARGET = 9.3;
				MTL_ENABLE_DEBUG_INFO = YES;
				ONLY_ACTIVE_ARCH = YES;
				SDKROOT = iphoneos;
				SWIFT_OPTIMIZATION_LEVEL = "-Onone";
				TARGETED_DEVICE_FAMILY = "1,2";
			};
			name = Debug;
		};
		10ACB6D51E4E2C7100688929 /* Release */ = {
			isa = XCBuildConfiguration;
			buildSettings = {
				ALWAYS_SEARCH_USER_PATHS = NO;
				CLANG_ANALYZER_NONNULL = YES;
				CLANG_CXX_LANGUAGE_STANDARD = "gnu++0x";
				CLANG_CXX_LIBRARY = "libc++";
				CLANG_ENABLE_MODULES = YES;
				CLANG_ENABLE_OBJC_ARC = YES;
				CLANG_WARN_BOOL_CONVERSION = YES;
				CLANG_WARN_CONSTANT_CONVERSION = YES;
				CLANG_WARN_DIRECT_OBJC_ISA_USAGE = YES_ERROR;
				CLANG_WARN_EMPTY_BODY = YES;
				CLANG_WARN_ENUM_CONVERSION = YES;
				CLANG_WARN_INT_CONVERSION = YES;
				CLANG_WARN_OBJC_ROOT_CLASS = YES_ERROR;
				CLANG_WARN_UNREACHABLE_CODE = YES;
				CLANG_WARN__DUPLICATE_METHOD_MATCH = YES;
				"CODE_SIGN_IDENTITY[sdk=iphoneos*]" = "iPhone Developer";
				COPY_PHASE_STRIP = NO;
				DEBUG_INFORMATION_FORMAT = "dwarf-with-dsym";
				ENABLE_NS_ASSERTIONS = NO;
				ENABLE_STRICT_OBJC_MSGSEND = YES;
				GCC_C_LANGUAGE_STANDARD = gnu99;
				GCC_NO_COMMON_BLOCKS = YES;
				GCC_WARN_64_TO_32_BIT_CONVERSION = YES;
				GCC_WARN_ABOUT_RETURN_TYPE = YES_ERROR;
				GCC_WARN_UNDECLARED_SELECTOR = YES;
				GCC_WARN_UNINITIALIZED_AUTOS = YES_AGGRESSIVE;
				GCC_WARN_UNUSED_FUNCTION = YES;
				GCC_WARN_UNUSED_VARIABLE = YES;
				IPHONEOS_DEPLOYMENT_TARGET = 9.3;
				MTL_ENABLE_DEBUG_INFO = NO;
				SDKROOT = iphoneos;
				TARGETED_DEVICE_FAMILY = "1,2";
				VALIDATE_PRODUCT = YES;
			};
			name = Release;
		};
		10ACB6D71E4E2C7100688929 /* Debug */ = {
			isa = XCBuildConfiguration;
			buildSettings = {
				ASSETCATALOG_COMPILER_APPICON_NAME = AppIcon;
				INFOPLIST_FILE = 1RA_EVA_7_MOREACTIONS/Info.plist;
				LD_RUNPATH_SEARCH_PATHS = "$(inherited) @executable_path/Frameworks";
				PRODUCT_BUNDLE_IDENTIFIER = "com.tec2.-RA-EVA-7-MOREACTIONS";
				PRODUCT_NAME = "$(TARGET_NAME)";
			};
			name = Debug;
		};
		10ACB6D81E4E2C7100688929 /* Release */ = {
			isa = XCBuildConfiguration;
			buildSettings = {
				ASSETCATALOG_COMPILER_APPICON_NAME = AppIcon;
				INFOPLIST_FILE = 1RA_EVA_7_MOREACTIONS/Info.plist;
				LD_RUNPATH_SEARCH_PATHS = "$(inherited) @executable_path/Frameworks";
				PRODUCT_BUNDLE_IDENTIFIER = "com.tec2.-RA-EVA-7-MOREACTIONS";
				PRODUCT_NAME = "$(TARGET_NAME)";
			};
			name = Release;
		};
		10ACB6DA1E4E2C7100688929 /* Debug */ = {
			isa = XCBuildConfiguration;
			buildSettings = {
				BUNDLE_LOADER = "$(TEST_HOST)";
				INFOPLIST_FILE = 1RA_EVA_7_MOREACTIONSTests/Info.plist;
				LD_RUNPATH_SEARCH_PATHS = "$(inherited) @executable_path/Frameworks @loader_path/Frameworks";
				PRODUCT_BUNDLE_IDENTIFIER = "com.tec2.-RA-EVA-7-MOREACTIONSTests";
				PRODUCT_NAME = "$(TARGET_NAME)";
				TEST_HOST = "$(BUILT_PRODUCTS_DIR)/1RA_EVA_7_MOREACTIONS.app/1RA_EVA_7_MOREACTIONS";
			};
			name = Debug;
		};
		10ACB6DB1E4E2C7100688929 /* Release */ = {
			isa = XCBuildConfiguration;
			buildSettings = {
				BUNDLE_LOADER = "$(TEST_HOST)";
				INFOPLIST_FILE = 1RA_EVA_7_MOREACTIONSTests/Info.plist;
				LD_RUNPATH_SEARCH_PATHS = "$(inherited) @executable_path/Frameworks @loader_path/Frameworks";
				PRODUCT_BUNDLE_IDENTIFIER = "com.tec2.-RA-EVA-7-MOREACTIONSTests";
				PRODUCT_NAME = "$(TARGET_NAME)";
				TEST_HOST = "$(BUILT_PRODUCTS_DIR)/1RA_EVA_7_MOREACTIONS.app/1RA_EVA_7_MOREACTIONS";
			};
			name = Release;
		};
		10ACB6DD1E4E2C7100688929 /* Debug */ = {
			isa = XCBuildConfiguration;
			buildSettings = {
				INFOPLIST_FILE = 1RA_EVA_7_MOREACTIONSUITests/Info.plist;
				LD_RUNPATH_SEARCH_PATHS = "$(inherited) @executable_path/Frameworks @loader_path/Frameworks";
				PRODUCT_BUNDLE_IDENTIFIER = "com.tec2.-RA-EVA-7-MOREACTIONSUITests";
				PRODUCT_NAME = "$(TARGET_NAME)";
				TEST_TARGET_NAME = 1RA_EVA_7_MOREACTIONS;
			};
			name = Debug;
		};
		10ACB6DE1E4E2C7100688929 /* Release */ = {
			isa = XCBuildConfiguration;
			buildSettings = {
				INFOPLIST_FILE = 1RA_EVA_7_MOREACTIONSUITests/Info.plist;
				LD_RUNPATH_SEARCH_PATHS = "$(inherited) @executable_path/Frameworks @loader_path/Frameworks";
				PRODUCT_BUNDLE_IDENTIFIER = "com.tec2.-RA-EVA-7-MOREACTIONSUITests";
				PRODUCT_NAME = "$(TARGET_NAME)";
				TEST_TARGET_NAME = 1RA_EVA_7_MOREACTIONS;
			};
			name = Release;
		};
/* End XCBuildConfiguration section */

/* Begin XCConfigurationList section */
		10ACB6A91E4E2C7000688929 /* Build configuration list for PBXProject "1RA_EVA_7_MOREACTIONS" */ = {
			isa = XCConfigurationList;
			buildConfigurations = (
				10ACB6D41E4E2C7100688929 /* Debug */,
				10ACB6D51E4E2C7100688929 /* Release */,
			);
			defaultConfigurationIsVisible = 0;
			defaultConfigurationName = Release;
		};
		10ACB6D61E4E2C7100688929 /* Build configuration list for PBXNativeTarget "1RA_EVA_7_MOREACTIONS" */ = {
			isa = XCConfigurationList;
			buildConfigurations = (
				10ACB6D71E4E2C7100688929 /* Debug */,
				10ACB6D81E4E2C7100688929 /* Release */,
			);
			defaultConfigurationIsVisible = 0;
		};
		10ACB6D91E4E2C7100688929 /* Build configuration list for PBXNativeTarget "1RA_EVA_7_MOREACTIONSTests" */ = {
			isa = XCConfigurationList;
			buildConfigurations = (
				10ACB6DA1E4E2C7100688929 /* Debug */,
				10ACB6DB1E4E2C7100688929 /* Release */,
			);
			defaultConfigurationIsVisible = 0;
		};
		10ACB6DC1E4E2C7100688929 /* Build configuration list for PBXNativeTarget "1RA_EVA_7_MOREACTIONSUITests" */ = {
			isa = XCConfigurationList;
			buildConfigurations = (
				10ACB6DD1E4E2C7100688929 /* Debug */,
				10ACB6DE1E4E2C7100688929 /* Release */,
			);
			defaultConfigurationIsVisible = 0;
		};
/* End XCConfigurationList section */
	};
	rootObject = 10ACB6A61E4E2C7000688929 /* Project object */;
}
